PODS:
  - Alamofire (5.0.5)
  - Carte (2.2.1)
  - lottie-ios (3.1.6)
  - M13Checkbox (3.4.0)
  - Moya (14.0.0):
    - Moya/Core (= 14.0.0)
  - Moya/Core (14.0.0):
    - Alamofire (~> 5.0)
  - Resolver (1.1.2)
  - Reusable (4.1.1):
    - Reusable/Storyboard (= 4.1.1)
    - Reusable/View (= 4.1.1)
  - Reusable/Storyboard (4.1.1)
  - Reusable/View (4.1.1)
  - SQLite.swift (0.12.2):
    - SQLite.swift/standard (= 0.12.2)
  - SQLite.swift/standard (0.12.2)
  - SQLiteMigrationManager.swift (0.7.0):
    - SQLite.swift (~> 0.12.0)
  - SwiftLint (0.39.2)
  - SwiftRichString (3.7.1)
  - SwiftyBeaver (1.9.0)
  - ZIPFoundation (0.9.11)

DEPENDENCIES:
  - Carte
  - lottie-ios
  - M13Checkbox
  - Moya
  - Resolver
  - Reusable
  - SQLite.swift
  - SQLiteMigrationManager.swift
  - SwiftLint
  - SwiftRichString
  - SwiftyBeaver
  - ZIPFoundation (~> 0.9)

SPEC REPOS:
  trunk:
    - Alamofire
    - Carte
    - lottie-ios
    - M13Checkbox
    - Moya
    - Resolver
    - Reusable
    - SQLite.swift
    - SQLiteMigrationManager.swift
    - SwiftLint
    - SwiftRichString
    - SwiftyBeaver
    - ZIPFoundation

SPEC CHECKSUMS:
  Alamofire: df2f8f826963b08b9a870791ad48e07a10090b2e
  Carte: 6bcff4eaa894ff5b979d646de833fec96e04a38c
  lottie-ios: 85ce835dd8c53e02509f20729fc7d6a4e6645a0a
  M13Checkbox: 6f59404540ac98ba83a3d1afac335895a40c6a5d
  Moya: 5b45dacb75adb009f97fde91c204c1e565d31916
  Resolver: e04ca5a9a19906f2e5cdceb2b90edd3b5daed049
  Reusable: 53a9acf5c536f229b31b5865782414b508252ddb
  SQLite.swift: d2b4642190917051ce6bd1d49aab565fe794eea3
  SQLiteMigrationManager.swift: 2dd6f760d6e53f666176346436c689e55a608f7a
  SwiftLint: 22ccbbe3b8008684be5955693bab135e0ed6a447
  SwiftRichString: 9a6a70b4fe2cf428e38348b5ada5400da74621fd
  SwiftyBeaver: d39e7c376bf15e9fffca8263b8fd1f42ea56aa2d
  ZIPFoundation: b1f0de4eed33e74a676f76e12559ab6b75990197

PODFILE CHECKSUM: 4dfc7799add80bff9e9a2136c41be174b3b8fbd8

COCOAPODS: 1.9.1
